
Microsoft Visual Studio Solution File, Format Version 12.00
# Visual Studio Version 17
VisualStudioVersion = 17.13.35825.156
MinimumVisualStudioVersion = 10.0.40219.1
Project("{FAE04EC0-301F-11D3-BF4B-00C04F79EFBC}") = "Sharepoint.Api", "Sharepoint.Api\Sharepoint.Api.csproj", "{BD514605-5732-44F4-A65D-862936342432}"
EndProject
Project("{FAE04EC0-301F-11D3-BF4B-00C04F79EFBC}") = "Sharepoint.Logs", "Sharepoint.Logs\Sharepoint.Logs.csproj", "{A57E596D-2994-4B26-BAD9-FD0E704DDD60}"
EndProject
Project("{FAE04EC0-301F-11D3-BF4B-00C04F79EFBC}") = "Sharepoint.Aplications", "Sharepoint.Aplications\Sharepoint.Aplications.csproj", "{0BAF1685-86D0-4C04-AC05-CC9E30330BC9}"
EndProject
Global
	GlobalSection(SolutionConfigurationPlatforms) = preSolution
		Debug|Any CPU = Debug|Any CPU
		Release|Any CPU = Release|Any CPU
	EndGlobalSection
	GlobalSection(ProjectConfigurationPlatforms) = postSolution
		{BD514605-5732-44F4-A65D-862936342432}.Debug|Any CPU.ActiveCfg = Debug|Any CPU
		{BD514605-5732-44F4-A65D-862936342432}.Debug|Any CPU.Build.0 = Debug|Any CPU
		{BD514605-5732-44F4-A65D-862936342432}.Release|Any CPU.ActiveCfg = Release|Any CPU
		{BD514605-5732-44F4-A65D-862936342432}.Release|Any CPU.Build.0 = Release|Any CPU
		{A57E596D-2994-4B26-BAD9-FD0E704DDD60}.Debug|Any CPU.ActiveCfg = Debug|Any CPU
		{A57E596D-2994-4B26-BAD9-FD0E704DDD60}.Debug|Any CPU.Build.0 = Debug|Any CPU
		{A57E596D-2994-4B26-BAD9-FD0E704DDD60}.Release|Any CPU.ActiveCfg = Release|Any CPU
		{A57E596D-2994-4B26-BAD9-FD0E704DDD60}.Release|Any CPU.Build.0 = Release|Any CPU
		{0BAF1685-86D0-4C04-AC05-CC9E30330BC9}.Debug|Any CPU.ActiveCfg = Debug|Any CPU
		{0BAF1685-86D0-4C04-AC05-CC9E30330BC9}.Debug|Any CPU.Build.0 = Debug|Any CPU
		{0BAF1685-86D0-4C04-AC05-CC9E30330BC9}.Release|Any CPU.ActiveCfg = Release|Any CPU
		{0BAF1685-86D0-4C04-AC05-CC9E30330BC9}.Release|Any CPU.Build.0 = Release|Any CPU
	EndGlobalSection
	GlobalSection(SolutionProperties) = preSolution
		HideSolutionNode = FALSE
	EndGlobalSection
	GlobalSection(ExtensibilityGlobals) = postSolution
		EnterpriseLibraryConfigurationToolBinariesPath = packages\Unity.2.1.505.0\lib\NET35
		SolutionGuid = {EF11A50A-C848-498A-9B5C-7BAE0626C4D9}
	EndGlobalSection
EndGlobal
